
Microsoft Visual Studio Solution File, Format Version 12.00
# Visual Studio Version 17
VisualStudioVersion = 17.4.33213.308
MinimumVisualStudioVersion = 10.0.40219.1
Project("{FAE04EC0-301F-11D3-BF4B-00C04F79EFBC}") = "SistemaGestionEventos", "SistemaGestionEventos\SistemaGestionEventos.csproj", "{B2ADC8C9-7E63-4BB0-A356-3B3616A1FCDF}"
EndProject
Global
	GlobalSection(SolutionConfigurationPlatforms) = preSolution
		Debug|Any CPU = Debug|Any CPU
		Release|Any CPU = Release|Any CPU
	EndGlobalSection
	GlobalSection(ProjectConfigurationPlatforms) = postSolution
		{B2ADC8C9-7E63-4BB0-A356-3B3616A1FCDF}.Debug|Any CPU.ActiveCfg = Debug|Any CPU
		{B2ADC8C9-7E63-4BB0-A356-3B3616A1FCDF}.Debug|Any CPU.Build.0 = Debug|Any CPU
		{B2ADC8C9-7E63-4BB0-A356-3B3616A1FCDF}.Release|Any CPU.ActiveCfg = Release|Any CPU
		{B2ADC8C9-7E63-4BB0-A356-3B3616A1FCDF}.Release|Any CPU.Build.0 = Release|Any CPU
	EndGlobalSection
	GlobalSection(SolutionProperties) = preSolution
		HideSolutionNode = FALSE
	EndGlobalSection
	GlobalSection(ExtensibilityGlobals) = postSolution
		SolutionGuid = {4306E43A-3D05-4047-A42B-3A58866E4940}
	EndGlobalSection
EndGlobal
